
Microsoft Visual Studio Solution File, Format Version 12.00
# Visual Studio Version 16
VisualStudioVersion = 16.0.810.25
MinimumVisualStudioVersion = 10.0.40219.1
Project("{FAE04EC0-301F-11D3-BF4B-00C04F79EFBC}") = "Publish", "Publish\Publish.csproj", "{C62FC2E6-821D-4C67-B7FB-BF392DE3AD51}"
EndProject
Project("{FAE04EC0-301F-11D3-BF4B-00C04F79EFBC}") = "Subscribe", "Subscribe\Subscribe.csproj", "{7101AE1B-2F64-4679-BC58-40E6AFB33D30}"
EndProject
Global
	GlobalSection(SolutionConfigurationPlatforms) = preSolution
		Debug|Any CPU = Debug|Any CPU
		Release|Any CPU = Release|Any CPU
	EndGlobalSection
	GlobalSection(ProjectConfigurationPlatforms) = postSolution
		{C62FC2E6-821D-4C67-B7FB-BF392DE3AD51}.Debug|Any CPU.ActiveCfg = Debug|Any CPU
		{C62FC2E6-821D-4C67-B7FB-BF392DE3AD51}.Debug|Any CPU.Build.0 = Debug|Any CPU
		{C62FC2E6-821D-4C67-B7FB-BF392DE3AD51}.Release|Any CPU.ActiveCfg = Release|Any CPU
		{C62FC2E6-821D-4C67-B7FB-BF392DE3AD51}.Release|Any CPU.Build.0 = Release|Any CPU
		{7101AE1B-2F64-4679-BC58-40E6AFB33D30}.Debug|Any CPU.ActiveCfg = Debug|Any CPU
		{7101AE1B-2F64-4679-BC58-40E6AFB33D30}.Debug|Any CPU.Build.0 = Debug|Any CPU
		{7101AE1B-2F64-4679-BC58-40E6AFB33D30}.Release|Any CPU.ActiveCfg = Release|Any CPU
		{7101AE1B-2F64-4679-BC58-40E6AFB33D30}.Release|Any CPU.Build.0 = Release|Any CPU
	EndGlobalSection
	GlobalSection(SolutionProperties) = preSolution
		HideSolutionNode = FALSE
	EndGlobalSection
	GlobalSection(ExtensibilityGlobals) = postSolution
		SolutionGuid = {4840BE66-6BDF-4280-BFE6-BB84148E988D}
	EndGlobalSection
EndGlobal
